// !$*UTF8*$!
{
	archiveVersion = 1;
	classes = {
	};
	objectVersion = 52;
	objects = {

/* Begin PBXBuildFile section */
		7A8643CE2515DAF100950A41 /* AppDelegate.swift in Sources */ = {isa = PBXBuildFile; fileRef = 7A8643CD2515DAF100950A41 /* AppDelegate.swift */; };
		7A8643D02515DAF100950A41 /* SceneDelegate.swift in Sources */ = {isa = PBXBuildFile; fileRef = 7A8643CF2515DAF100950A41 /* SceneDelegate.swift */; };
		7A8643D22515DAF100950A41 /* WeatherViewController.swift in Sources */ = {isa = PBXBuildFile; fileRef = 7A8643D12515DAF100950A41 /* WeatherViewController.swift */; };
		7A8643D52515DAF100950A41 /* Main.storyboard in Resources */ = {isa = PBXBuildFile; fileRef = 7A8643D32515DAF100950A41 /* Main.storyboard */; };
		7A8643D72515DAF200950A41 /* Assets.xcassets in Resources */ = {isa = PBXBuildFile; fileRef = 7A8643D62515DAF200950A41 /* Assets.xcassets */; };
		7A8643DA2515DAF200950A41 /* LaunchScreen.storyboard in Resources */ = {isa = PBXBuildFile; fileRef = 7A8643D82515DAF200950A41 /* LaunchScreen.storyboard */; };
		7A8643E72515ED0700950A41 /* Neucha-Regular.ttf in Resources */ = {isa = PBXBuildFile; fileRef = 7A8643E62515ED0700950A41 /* Neucha-Regular.ttf */; };
		7A8643E925160E3100950A41 /* ChangeCityViewController.swift in Sources */ = {isa = PBXBuildFile; fileRef = 7A8643E825160E3100950A41 /* ChangeCityViewController.swift */; };
		7A8643EC25160FCD00950A41 /* Alamofire in Frameworks */ = {isa = PBXBuildFile; productRef = 7A8643EB25160FCD00950A41 /* Alamofire */; };
		7A8643EF2516101C00950A41 /* SwiftyJSON in Frameworks */ = {isa = PBXBuildFile; productRef = 7A8643EE2516101C00950A41 /* SwiftyJSON */; };
		7A8643F1251610D300950A41 /* WeatherDataModel.swift in Sources */ = {isa = PBXBuildFile; fileRef = 7A8643F0251610D300950A41 /* WeatherDataModel.swift */; };
/* End PBXBuildFile section */

/* Begin PBXFileReference section */
		7A8643CA2515DAF100950A41 /* OpenWeather.app */ = {isa = PBXFileReference; explicitFileType = wrapper.application; includeInIndex = 0; path = OpenWeather.app; sourceTree = BUILT_PRODUCTS_DIR; };
		7A8643CD2515DAF100950A41 /* AppDelegate.swift */ = {isa = PBXFileReference; lastKnownFileType = sourcecode.swift; path = AppDelegate.swift; sourceTree = "<group>"; };
		7A8643CF2515DAF100950A41 /* SceneDelegate.swift */ = {isa = PBXFileReference; lastKnownFileType = sourcecode.swift; path = SceneDelegate.swift; sourceTree = "<group>"; };
		7A8643D12515DAF100950A41 /* WeatherViewController.swift */ = {isa = PBXFileReference; lastKnownFileType = sourcecode.swift; path = WeatherViewController.swift; sourceTree = "<group>"; };
		7A8643D42515DAF100950A41 /* Base */ = {isa = PBXFileReference; lastKnownFileType = file.storyboard; name = Base; path = Base.lproj/Main.storyboard; sourceTree = "<group>"; };
		7A8643D62515DAF200950A41 /* Assets.xcassets */ = {isa = PBXFileReference; lastKnownFileType = folder.assetcatalog; path = Assets.xcassets; sourceTree = "<group>"; };
		7A8643D92515DAF200950A41 /* Base */ = {isa = PBXFileReference; lastKnownFileType = file.storyboard; name = Base; path = Base.lproj/LaunchScreen.storyboard; sourceTree = "<group>"; };
		7A8643DB2515DAF200950A41 /* Info.plist */ = {isa = PBXFileReference; lastKnownFileType = text.plist.xml; path = Info.plist; sourceTree = "<group>"; };
		7A8643E62515ED0700950A41 /* Neucha-Regular.ttf */ = {isa = PBXFileReference; lastKnownFileType = file; path = "Neucha-Regular.ttf"; sourceTree = "<group>"; };
		7A8643E825160E3100950A41 /* ChangeCityViewController.swift */ = {isa = PBXFileReference; lastKnownFileType = sourcecode.swift; path = ChangeCityViewController.swift; sourceTree = "<group>"; };
		7A8643F0251610D300950A41 /* WeatherDataModel.swift */ = {isa = PBXFileReference; lastKnownFileType = sourcecode.swift; path = WeatherDataModel.swift; sourceTree = "<group>"; };
/* End PBXFileReference section */

/* Begin PBXFrameworksBuildPhase section */
		7A8643C72515DAF100950A41 /* Frameworks */ = {
			isa = PBXFrameworksBuildPhase;
			buildActionMask = 2147483647;
			files = (
				7A8643EF2516101C00950A41 /* SwiftyJSON in Frameworks */,
				7A8643EC25160FCD00950A41 /* Alamofire in Frameworks */,
			);
			runOnlyForDeploymentPostprocessing = 0;
		};
/* End PBXFrameworksBuildPhase section */

/* Begin PBXGroup section */
		7A8643C12515DAF100950A41 = {
			isa = PBXGroup;
			children = (
				7A8643CC2515DAF100950A41 /* OpenWeather */,
				7A8643CB2515DAF100950A41 /* Products */,
			);
			sourceTree = "<group>";
		};
		7A8643CB2515DAF100950A41 /* Products */ = {
			isa = PBXGroup;
			children = (
				7A8643CA2515DAF100950A41 /* OpenWeather.app */,
			);
			name = Products;
			sourceTree = "<group>";
		};
		7A8643CC2515DAF100950A41 /* OpenWeather */ = {
			isa = PBXGroup;
			children = (
				7A8643E52515ECCB00950A41 /* Fonts */,
				7A8643E12515DE8F00950A41 /* AppDelegate */,
				7A8643E42515DEC200950A41 /* Model */,
				7A8643E22515DEA600950A41 /* Controller */,
				7A8643E32515DEB100950A41 /* View */,
				7A8643D62515DAF200950A41 /* Assets.xcassets */,
				7A8643D82515DAF200950A41 /* LaunchScreen.storyboard */,
				7A8643DB2515DAF200950A41 /* Info.plist */,
			);
			path = OpenWeather;
			sourceTree = "<group>";
		};
		7A8643E12515DE8F00950A41 /* AppDelegate */ = {
			isa = PBXGroup;
			children = (
				7A8643CD2515DAF100950A41 /* AppDelegate.swift */,
				7A8643CF2515DAF100950A41 /* SceneDelegate.swift */,
			);
			path = AppDelegate;
			sourceTree = "<group>";
		};
		7A8643E22515DEA600950A41 /* Controller */ = {
			isa = PBXGroup;
			children = (
				7A8643D12515DAF100950A41 /* WeatherViewController.swift */,
				7A8643E825160E3100950A41 /* ChangeCityViewController.swift */,
			);
			path = Controller;
			sourceTree = "<group>";
		};
		7A8643E32515DEB100950A41 /* View */ = {
			isa = PBXGroup;
			children = (
				7A8643D32515DAF100950A41 /* Main.storyboard */,
			);
			path = View;
			sourceTree = "<group>";
		};
		7A8643E42515DEC200950A41 /* Model */ = {
			isa = PBXGroup;
			children = (
				7A8643F0251610D300950A41 /* WeatherDataModel.swift */,
			);
			path = Model;
			sourceTree = "<group>";
		};
		7A8643E52515ECCB00950A41 /* Fonts */ = {
			isa = PBXGroup;
			children = (
				7A8643E62515ED0700950A41 /* Neucha-Regular.ttf */,
			);
			path = Fonts;
			sourceTree = "<group>";
		};
/* End PBXGroup section */

/* Begin PBXNativeTarget section */
		7A8643C92515DAF100950A41 /* OpenWeather */ = {
			isa = PBXNativeTarget;
			buildConfigurationList = 7A8643DE2515DAF200950A41 /* Build configuration list for PBXNativeTarget "OpenWeather" */;
			buildPhases = (
				7A8643C62515DAF100950A41 /* Sources */,
				7A8643C72515DAF100950A41 /* Frameworks */,
				7A8643C82515DAF100950A41 /* Resources */,
			);
			buildRules = (
			);
			dependencies = (
			);
			name = OpenWeather;
			packageProductDependencies = (
				7A8643EB25160FCD00950A41 /* Alamofire */,
				7A8643EE2516101C00950A41 /* SwiftyJSON */,
			);
			productName = OpenWeather;
			productReference = 7A8643CA2515DAF100950A41 /* OpenWeather.app */;
			productType = "com.apple.product-type.application";
		};
/* End PBXNativeTarget section */

/* Begin PBXProject section */
		7A8643C22515DAF100950A41 /* Project object */ = {
			isa = PBXProject;
			attributes = {
				LastSwiftUpdateCheck = 1170;
				LastUpgradeCheck = 1170;
				ORGANIZATIONNAME = "Inga Kirsona";
				TargetAttributes = {
					7A8643C92515DAF100950A41 = {
						CreatedOnToolsVersion = 11.7;
					};
				};
			};
			buildConfigurationList = 7A8643C52515DAF100950A41 /* Build configuration list for PBXProject "OpenWeather" */;
			compatibilityVersion = "Xcode 9.3";
			developmentRegion = en;
			hasScannedForEncodings = 0;
			knownRegions = (
				en,
				Base,
			);
			mainGroup = 7A8643C12515DAF100950A41;
			packageReferences = (
				7A8643EA25160FCD00950A41 /* XCRemoteSwiftPackageReference "Alamofire" */,
				7A8643ED2516101C00950A41 /* XCRemoteSwiftPackageReference "SwiftyJSON" */,
			);
			productRefGroup = 7A8643CB2515DAF100950A41 /* Products */;
			projectDirPath = "";
			projectRoot = "";
			targets = (
				7A8643C92515DAF100950A41 /* OpenWeather */,
			);
		};
/* End PBXProject section */

/* Begin PBXResourcesBuildPhase section */
		7A8643C82515DAF100950A41 /* Resources */ = {
			isa = PBXResourcesBuildPhase;
			buildActionMask = 2147483647;
			files = (
				7A8643DA2515DAF200950A41 /* LaunchScreen.storyboard in Resources */,
				7A8643E72515ED0700950A41 /* Neucha-Regular.ttf in Resources */,
				7A8643D72515DAF200950A41 /* Assets.xcassets in Resources */,
				7A8643D52515DAF100950A41 /* Main.storyboard in Resources */,
			);
			runOnlyForDeploymentPostprocessing = 0;
		};
/* End PBXResourcesBuildPhase section */

/* Begin PBXSourcesBuildPhase section */
		7A8643C62515DAF100950A41 /* Sources */ = {
			isa = PBXSourcesBuildPhase;
			buildActionMask = 2147483647;
			files = (
				7A8643D22515DAF100950A41 /* WeatherViewController.swift in Sources */,
				7A8643F1251610D300950A41 /* WeatherDataModel.swift in Sources */,
				7A8643CE2515DAF100950A41 /* AppDelegate.swift in Sources */,
				7A8643D02515DAF100950A41 /* SceneDelegate.swift in Sources */,
				7A8643E925160E3100950A41 /* ChangeCityViewController.swift in Sources */,
			);
			runOnlyForDeploymentPostprocessing = 0;
		};
/* End PBXSourcesBuildPhase section */

/* Begin PBXVariantGroup section */
		7A8643D32515DAF100950A41 /* Main.storyboard */ = {
			isa = PBXVariantGroup;
			children = (
				7A8643D42515DAF100950A41 /* Base */,
			);
			name = Main.storyboard;
			sourceTree = "<group>";
		};
		7A8643D82515DAF200950A41 /* LaunchScreen.storyboard */ = {
			isa = PBXVariantGroup;
			children = (
				7A8643D92515DAF200950A41 /* Base */,
			);
			name = LaunchScreen.storyboard;
			sourceTree = "<group>";
		};
/* End PBXVariantGroup section */

/* Begin XCBuildConfiguration section */
		7A8643DC2515DAF200950A41 /* Debug */ = {
			isa = XCBuildConfiguration;
			buildSettings = {
				ALWAYS_SEARCH_USER_PATHS = NO;
				CLANG_ANALYZER_NONNULL = YES;
				CLANG_ANALYZER_NUMBER_OBJECT_CONVERSION = YES_AGGRESSIVE;
				CLANG_CXX_LANGUAGE_STANDARD = "gnu++14";
				CLANG_CXX_LIBRARY = "libc++";
				CLANG_ENABLE_MODULES = YES;
				CLANG_ENABLE_OBJC_ARC = YES;
				CLANG_ENABLE_OBJC_WEAK = YES;
				CLANG_WARN_BLOCK_CAPTURE_AUTORELEASING = YES;
				CLANG_WARN_BOOL_CONVERSION = YES;
				CLANG_WARN_COMMA = YES;
				CLANG_WARN_CONSTANT_CONVERSION = YES;
				CLANG_WARN_DEPRECATED_OBJC_IMPLEMENTATIONS = YES;
				CLANG_WARN_DIRECT_OBJC_ISA_USAGE = YES_ERROR;
				CLANG_WARN_DOCUMENTATION_COMMENTS = YES;
				CLANG_WARN_EMPTY_BODY = YES;
				CLANG_WARN_ENUM_CONVERSION = YES;
				CLANG_WARN_INFINITE_RECURSION = YES;
				CLANG_WARN_INT_CONVERSION = YES;
				CLANG_WARN_NON_LITERAL_NULL_CONVERSION = YES;
				CLANG_WARN_OBJC_IMPLICIT_RETAIN_SELF = YES;
				CLANG_WARN_OBJC_LITERAL_CONVERSION = YES;
				CLANG_WARN_OBJC_ROOT_CLASS = YES_ERROR;
				CLANG_WARN_RANGE_LOOP_ANALYSIS = YES;
				CLANG_WARN_STRICT_PROTOTYPES = YES;
				CLANG_WARN_SUSPICIOUS_MOVE = YES;
				CLANG_WARN_UNGUARDED_AVAILABILITY = YES_AGGRESSIVE;
				CLANG_WARN_UNREACHABLE_CODE = YES;
				CLANG_WARN__DUPLICATE_METHOD_MATCH = YES;
				COPY_PHASE_STRIP = NO;
				DEBUG_INFORMATION_FORMAT = dwarf;
				ENABLE_STRICT_OBJC_MSGSEND = YES;
				ENABLE_TESTABILITY = YES;
				GCC_C_LANGUAGE_STANDARD = gnu11;
				GCC_DYNAMIC_NO_PIC = NO;
				GCC_NO_COMMON_BLOCKS = YES;
				GCC_OPTIMIZATION_LEVEL = 0;
				GCC_PREPROCESSOR_DEFINITIONS = (
					"DEBUG=1",
					"$(inherited)",
				);
				GCC_WARN_64_TO_32_BIT_CONVERSION = YES;
				GCC_WARN_ABOUT_RETURN_TYPE = YES_ERROR;
				GCC_WARN_UNDECLARED_SELECTOR = YES;
				GCC_WARN_UNINITIALIZED_AUTOS = YES_AGGRESSIVE;
				GCC_WARN_UNUSED_FUNCTION = YES;
				GCC_WARN_UNUSED_VARIABLE = YES;
				IPHONEOS_DEPLOYMENT_TARGET = 13.7;
				MTL_ENABLE_DEBUG_INFO = INCLUDE_SOURCE;
				MTL_FAST_MATH = YES;
				ONLY_ACTIVE_ARCH = YES;
				SDKROOT = iphoneos;
				SWIFT_ACTIVE_COMPILATION_CONDITIONS = DEBUG;
				SWIFT_OPTIMIZATION_LEVEL = "-Onone";
			};
			name = Debug;
		};
		7A8643DD2515DAF200950A41 /* Release */ = {
			isa = XCBuildConfiguration;
			buildSettings = {
				ALWAYS_SEARCH_USER_PATHS = NO;
				CLANG_ANALYZER_NONNULL = YES;
				CLANG_ANALYZER_NUMBER_OBJECT_CONVERSION = YES_AGGRESSIVE;
				CLANG_CXX_LANGUAGE_STANDARD = "gnu++14";
				CLANG_CXX_LIBRARY = "libc++";
				CLANG_ENABLE_MODULES = YES;
				CLANG_ENABLE_OBJC_ARC = YES;
				CLANG_ENABLE_OBJC_WEAK = YES;
				CLANG_WARN_BLOCK_CAPTURE_AUTORELEASING = YES;
				CLANG_WARN_BOOL_CONVERSION = YES;
				CLANG_WARN_COMMA = YES;
				CLANG_WARN_CONSTANT_CONVERSION = YES;
				CLANG_WARN_DEPRECATED_OBJC_IMPLEMENTATIONS = YES;
				CLANG_WARN_DIRECT_OBJC_ISA_USAGE = YES_ERROR;
				CLANG_WARN_DOCUMENTATION_COMMENTS = YES;
				CLANG_WARN_EMPTY_BODY = YES;
				CLANG_WARN_ENUM_CONVERSION = YES;
				CLANG_WARN_INFINITE_RECURSION = YES;
				CLANG_WARN_INT_CONVERSION = YES;
				CLANG_WARN_NON_LITERAL_NULL_CONVERSION = YES;
				CLANG_WARN_OBJC_IMPLICIT_RETAIN_SELF = YES;
				CLANG_WARN_OBJC_LITERAL_CONVERSION = YES;
				CLANG_WARN_OBJC_ROOT_CLASS = YES_ERROR;
				CLANG_WARN_RANGE_LOOP_ANALYSIS = YES;
				CLANG_WARN_STRICT_PROTOTYPES = YES;
				CLANG_WARN_SUSPICIOUS_MOVE = YES;
				CLANG_WARN_UNGUARDED_AVAILABILITY = YES_AGGRESSIVE;
				CLANG_WARN_UNREACHABLE_CODE = YES;
				CLANG_WARN__DUPLICATE_METHOD_MATCH = YES;
				COPY_PHASE_STRIP = NO;
				DEBUG_INFORMATION_FORMAT = "dwarf-with-dsym";
				ENABLE_NS_ASSERTIONS = NO;
				ENABLE_STRICT_OBJC_MSGSEND = YES;
				GCC_C_LANGUAGE_STANDARD = gnu11;
				GCC_NO_COMMON_BLOCKS = YES;
				GCC_WARN_64_TO_32_BIT_CONVERSION = YES;
				GCC_WARN_ABOUT_RETURN_TYPE = YES_ERROR;
				GCC_WARN_UNDECLARED_SELECTOR = YES;
				GCC_WARN_UNINITIALIZED_AUTOS = YES_AGGRESSIVE;
				GCC_WARN_UNUSED_FUNCTION = YES;
				GCC_WARN_UNUSED_VARIABLE = YES;
				IPHONEOS_DEPLOYMENT_TARGET = 13.7;
				MTL_ENABLE_DEBUG_INFO = NO;
				MTL_FAST_MATH = YES;
				SDKROOT = iphoneos;
				SWIFT_COMPILATION_MODE = wholemodule;
				SWIFT_OPTIMIZATION_LEVEL = "-O";
				VALIDATE_PRODUCT = YES;
			};
			name = Release;
		};
		7A8643DF2515DAF200950A41 /* Debug */ = {
			isa = XCBuildConfiguration;
			buildSettings = {
				ASSETCATALOG_COMPILER_APPICON_NAME = AppIcon;
				CODE_SIGN_STYLE = Automatic;
				DEVELOPMENT_TEAM = SSRUF8Q779;
				INFOPLIST_FILE = OpenWeather/Info.plist;
				LD_RUNPATH_SEARCH_PATHS = (
					"$(inherited)",
					"@executable_path/Frameworks",
				);
				PRODUCT_BUNDLE_IDENTIFIER = lv.ingasapp.OpenWeather;
				PRODUCT_NAME = "$(TARGET_NAME)";
				SWIFT_VERSION = 5.0;
				TARGETED_DEVICE_FAMILY = "1,2";
			};
			name = Debug;
		};
		7A8643E02515DAF200950A41 /* Release */ = {
			isa = XCBuildConfiguration;
			buildSettings = {
				ASSETCATALOG_COMPILER_APPICON_NAME = AppIcon;
				CODE_SIGN_STYLE = Automatic;
				DEVELOPMENT_TEAM = SSRUF8Q779;
				INFOPLIST_FILE = OpenWeather/Info.plist;
				LD_RUNPATH_SEARCH_PATHS = (
					"$(inherited)",
					"@executable_path/Frameworks",
				);
				PRODUCT_BUNDLE_IDENTIFIER = lv.ingasapp.OpenWeather;
				PRODUCT_NAME = "$(TARGET_NAME)";
				SWIFT_VERSION = 5.0;
				TARGETED_DEVICE_FAMILY = "1,2";
			};
			name = Release;
		};
/* End XCBuildConfiguration section */

/* Begin XCConfigurationList section */
		7A8643C52515DAF100950A41 /* Build configuration list for PBXProject "OpenWeather" */ = {
			isa = XCConfigurationList;
			buildConfigurations = (
				7A8643DC2515DAF200950A41 /* Debug */,
				7A8643DD2515DAF200950A41 /* Release */,
			);
			defaultConfigurationIsVisible = 0;
			defaultConfigurationName = Release;
		};
		7A8643DE2515DAF200950A41 /* Build configuration list for PBXNativeTarget "OpenWeather" */ = {
			isa = XCConfigurationList;
			buildConfigurations = (
				7A8643DF2515DAF200950A41 /* Debug */,
				7A8643E02515DAF200950A41 /* Release */,
			);
			defaultConfigurationIsVisible = 0;
			defaultConfigurationName = Release;
		};
/* End XCConfigurationList section */

/* Begin XCRemoteSwiftPackageReference section */
		7A8643EA25160FCD00950A41 /* XCRemoteSwiftPackageReference "Alamofire" */ = {
			isa = XCRemoteSwiftPackageReference;
			repositoryURL = "https://github.com/Alamofire/Alamofire.git";
			requirement = {
				kind = upToNextMajorVersion;
				minimumVersion = 5.2.2;
			};
		};
		7A8643ED2516101C00950A41 /* XCRemoteSwiftPackageReference "SwiftyJSON" */ = {
			isa = XCRemoteSwiftPackageReference;
			repositoryURL = "https://github.com/SwiftyJSON/SwiftyJSON.git";
			requirement = {
				kind = upToNextMajorVersion;
				minimumVersion = 5.0.0;
			};
		};
/* End XCRemoteSwiftPackageReference section */

/* Begin XCSwiftPackageProductDependency section */
		7A8643EB25160FCD00950A41 /* Alamofire */ = {
			isa = XCSwiftPackageProductDependency;
			package = 7A8643EA25160FCD00950A41 /* XCRemoteSwiftPackageReference "Alamofire" */;
			productName = Alamofire;
		};
		7A8643EE2516101C00950A41 /* SwiftyJSON */ = {
			isa = XCSwiftPackageProductDependency;
			package = 7A8643ED2516101C00950A41 /* XCRemoteSwiftPackageReference "SwiftyJSON" */;
			productName = SwiftyJSON;
		};
/* End XCSwiftPackageProductDependency section */
	};
	rootObject = 7A8643C22515DAF100950A41 /* Project object */;
}
